// !$*UTF8*$!
{
	archiveVersion = 1;
	classes = {
	};
	objectVersion = 50;
	objects = {

/* Begin PBXBuildFile section */
		4791537E243FC4F50035889E /* AppDelegate.swift in Sources */ = {isa = PBXBuildFile; fileRef = 4791537D243FC4F50035889E /* AppDelegate.swift */; };
		47915380243FC4F50035889E /* SceneDelegate.swift in Sources */ = {isa = PBXBuildFile; fileRef = 4791537F243FC4F50035889E /* SceneDelegate.swift */; };
		47915382243FC4F50035889E /* ViewController.swift in Sources */ = {isa = PBXBuildFile; fileRef = 47915381243FC4F50035889E /* ViewController.swift */; };
		47915385243FC4F50035889E /* Main.storyboard in Resources */ = {isa = PBXBuildFile; fileRef = 47915383243FC4F50035889E /* Main.storyboard */; };
		47915387243FC4FB0035889E /* Assets.xcassets in Resources */ = {isa = PBXBuildFile; fileRef = 47915386243FC4FB0035889E /* Assets.xcassets */; };
		4791538A243FC4FB0035889E /* LaunchScreen.storyboard in Resources */ = {isa = PBXBuildFile; fileRef = 47915388243FC4FB0035889E /* LaunchScreen.storyboard */; };
		47915395243FC4FC0035889E /* dev_profileTests.swift in Sources */ = {isa = PBXBuildFile; fileRef = 47915394243FC4FC0035889E /* dev_profileTests.swift */; };
		479153A0243FC4FC0035889E /* dev_profileUITests.swift in Sources */ = {isa = PBXBuildFile; fileRef = 4791539F243FC4FC0035889E /* dev_profileUITests.swift */; };
/* End PBXBuildFile section */

/* Begin PBXContainerItemProxy section */
		47915391243FC4FC0035889E /* PBXContainerItemProxy */ = {
			isa = PBXContainerItemProxy;
			containerPortal = 47915372243FC4F50035889E /* Project object */;
			proxyType = 1;
			remoteGlobalIDString = 47915379243FC4F50035889E;
			remoteInfo = "dev-profile";
		};
		4791539C243FC4FC0035889E /* PBXContainerItemProxy */ = {
			isa = PBXContainerItemProxy;
			containerPortal = 47915372243FC4F50035889E /* Project object */;
			proxyType = 1;
			remoteGlobalIDString = 47915379243FC4F50035889E;
			remoteInfo = "dev-profile";
		};
/* End PBXContainerItemProxy section */

/* Begin PBXFileReference section */
		4791537A243FC4F50035889E /* dev-profile.app */ = {isa = PBXFileReference; explicitFileType = wrapper.application; includeInIndex = 0; path = "dev-profile.app"; sourceTree = BUILT_PRODUCTS_DIR; };
		4791537D243FC4F50035889E /* AppDelegate.swift */ = {isa = PBXFileReference; lastKnownFileType = sourcecode.swift; path = AppDelegate.swift; sourceTree = "<group>"; };
		4791537F243FC4F50035889E /* SceneDelegate.swift */ = {isa = PBXFileReference; lastKnownFileType = sourcecode.swift; path = SceneDelegate.swift; sourceTree = "<group>"; };
		47915381243FC4F50035889E /* ViewController.swift */ = {isa = PBXFileReference; lastKnownFileType = sourcecode.swift; path = ViewController.swift; sourceTree = "<group>"; };
		47915384243FC4F50035889E /* Base */ = {isa = PBXFileReference; lastKnownFileType = file.storyboard; name = Base; path = Base.lproj/Main.storyboard; sourceTree = "<group>"; };
		47915386243FC4FB0035889E /* Assets.xcassets */ = {isa = PBXFileReference; lastKnownFileType = folder.assetcatalog; path = Assets.xcassets; sourceTree = "<group>"; };
		47915389243FC4FB0035889E /* Base */ = {isa = PBXFileReference; lastKnownFileType = file.storyboard; name = Base; path = Base.lproj/LaunchScreen.storyboard; sourceTree = "<group>"; };
		4791538B243FC4FB0035889E /* Info.plist */ = {isa = PBXFileReference; lastKnownFileType = text.plist.xml; path = Info.plist; sourceTree = "<group>"; };
		47915390243FC4FC0035889E /* dev-profileTests.xctest */ = {isa = PBXFileReference; explicitFileType = wrapper.cfbundle; includeInIndex = 0; path = "dev-profileTests.xctest"; sourceTree = BUILT_PRODUCTS_DIR; };
		47915394243FC4FC0035889E /* dev_profileTests.swift */ = {isa = PBXFileReference; lastKnownFileType = sourcecode.swift; path = dev_profileTests.swift; sourceTree = "<group>"; };
		47915396243FC4FC0035889E /* Info.plist */ = {isa = PBXFileReference; lastKnownFileType = text.plist.xml; path = Info.plist; sourceTree = "<group>"; };
		4791539B243FC4FC0035889E /* dev-profileUITests.xctest */ = {isa = PBXFileReference; explicitFileType = wrapper.cfbundle; includeInIndex = 0; path = "dev-profileUITests.xctest"; sourceTree = BUILT_PRODUCTS_DIR; };
		4791539F243FC4FC0035889E /* dev_profileUITests.swift */ = {isa = PBXFileReference; lastKnownFileType = sourcecode.swift; path = dev_profileUITests.swift; sourceTree = "<group>"; };
		479153A1243FC4FC0035889E /* Info.plist */ = {isa = PBXFileReference; lastKnownFileType = text.plist.xml; path = Info.plist; sourceTree = "<group>"; };
/* End PBXFileReference section */

/* Begin PBXFrameworksBuildPhase section */
		47915377243FC4F50035889E /* Frameworks */ = {
			isa = PBXFrameworksBuildPhase;
			buildActionMask = 2147483647;
			files = (
			);
			runOnlyForDeploymentPostprocessing = 0;
		};
		4791538D243FC4FC0035889E /* Frameworks */ = {
			isa = PBXFrameworksBuildPhase;
			buildActionMask = 2147483647;
			files = (
			);
			runOnlyForDeploymentPostprocessing = 0;
		};
		47915398243FC4FC0035889E /* Frameworks */ = {
			isa = PBXFrameworksBuildPhase;
			buildActionMask = 2147483647;
			files = (
			);
			runOnlyForDeploymentPostprocessing = 0;
		};
/* End PBXFrameworksBuildPhase section */

/* Begin PBXGroup section */
		47915371243FC4F50035889E = {
			isa = PBXGroup;
			children = (
				4791537C243FC4F50035889E /* dev-profile */,
				47915393243FC4FC0035889E /* dev-profileTests */,
				4791539E243FC4FC0035889E /* dev-profileUITests */,
				4791537B243FC4F50035889E /* Products */,
			);
			sourceTree = "<group>";
		};
		4791537B243FC4F50035889E /* Products */ = {
			isa = PBXGroup;
			children = (
				4791537A243FC4F50035889E /* dev-profile.app */,
				47915390243FC4FC0035889E /* dev-profileTests.xctest */,
				4791539B243FC4FC0035889E /* dev-profileUITests.xctest */,
			);
			name = Products;
			sourceTree = "<group>";
		};
		4791537C243FC4F50035889E /* dev-profile */ = {
			isa = PBXGroup;
			children = (
				4791537D243FC4F50035889E /* AppDelegate.swift */,
				4791537F243FC4F50035889E /* SceneDelegate.swift */,
				47915381243FC4F50035889E /* ViewController.swift */,
				47915383243FC4F50035889E /* Main.storyboard */,
				47915386243FC4FB0035889E /* Assets.xcassets */,
				47915388243FC4FB0035889E /* LaunchScreen.storyboard */,
				4791538B243FC4FB0035889E /* Info.plist */,
			);
			path = "dev-profile";
			sourceTree = "<group>";
		};
		47915393243FC4FC0035889E /* dev-profileTests */ = {
			isa = PBXGroup;
			children = (
				47915394243FC4FC0035889E /* dev_profileTests.swift */,
				47915396243FC4FC0035889E /* Info.plist */,
			);
			path = "dev-profileTests";
			sourceTree = "<group>";
		};
		4791539E243FC4FC0035889E /* dev-profileUITests */ = {
			isa = PBXGroup;
			children = (
				4791539F243FC4FC0035889E /* dev_profileUITests.swift */,
				479153A1243FC4FC0035889E /* Info.plist */,
			);
			path = "dev-profileUITests";
			sourceTree = "<group>";
		};
/* End PBXGroup section */

/* Begin PBXNativeTarget section */
		47915379243FC4F50035889E /* dev-profile */ = {
			isa = PBXNativeTarget;
			buildConfigurationList = 479153A4243FC4FC0035889E /* Build configuration list for PBXNativeTarget "dev-profile" */;
			buildPhases = (
				47915376243FC4F50035889E /* Sources */,
				47915377243FC4F50035889E /* Frameworks */,
				47915378243FC4F50035889E /* Resources */,
			);
			buildRules = (
			);
			dependencies = (
			);
			name = "dev-profile";
			productName = "dev-profile";
			productReference = 4791537A243FC4F50035889E /* dev-profile.app */;
			productType = "com.apple.product-type.application";
		};
		4791538F243FC4FC0035889E /* dev-profileTests */ = {
			isa = PBXNativeTarget;
			buildConfigurationList = 479153A7243FC4FC0035889E /* Build configuration list for PBXNativeTarget "dev-profileTests" */;
			buildPhases = (
				4791538C243FC4FC0035889E /* Sources */,
				4791538D243FC4FC0035889E /* Frameworks */,
				4791538E243FC4FC0035889E /* Resources */,
			);
			buildRules = (
			);
			dependencies = (
				47915392243FC4FC0035889E /* PBXTargetDependency */,
			);
			name = "dev-profileTests";
			productName = "dev-profileTests";
			productReference = 47915390243FC4FC0035889E /* dev-profileTests.xctest */;
			productType = "com.apple.product-type.bundle.unit-test";
		};
		4791539A243FC4FC0035889E /* dev-profileUITests */ = {
			isa = PBXNativeTarget;
			buildConfigurationList = 479153AA243FC4FC0035889E /* Build configuration list for PBXNativeTarget "dev-profileUITests" */;
			buildPhases = (
				47915397243FC4FC0035889E /* Sources */,
				47915398243FC4FC0035889E /* Frameworks */,
				47915399243FC4FC0035889E /* Resources */,
			);
			buildRules = (
			);
			dependencies = (
				4791539D243FC4FC0035889E /* PBXTargetDependency */,
			);
			name = "dev-profileUITests";
			productName = "dev-profileUITests";
			productReference = 4791539B243FC4FC0035889E /* dev-profileUITests.xctest */;
			productType = "com.apple.product-type.bundle.ui-testing";
		};
/* End PBXNativeTarget section */

/* Begin PBXProject section */
		47915372243FC4F50035889E /* Project object */ = {
			isa = PBXProject;
			attributes = {
				LastSwiftUpdateCheck = 1130;
				LastUpgradeCheck = 1130;
				ORGANIZATIONNAME = "Armando Espinoza";
				TargetAttributes = {
					47915379243FC4F50035889E = {
						CreatedOnToolsVersion = 11.3.1;
					};
					4791538F243FC4FC0035889E = {
						CreatedOnToolsVersion = 11.3.1;
						TestTargetID = 47915379243FC4F50035889E;
					};
					4791539A243FC4FC0035889E = {
						CreatedOnToolsVersion = 11.3.1;
						TestTargetID = 47915379243FC4F50035889E;
					};
				};
			};
			buildConfigurationList = 47915375243FC4F50035889E /* Build configuration list for PBXProject "dev-profile" */;
			compatibilityVersion = "Xcode 9.3";
			developmentRegion = en;
			hasScannedForEncodings = 0;
			knownRegions = (
				en,
				Base,
			);
			mainGroup = 47915371243FC4F50035889E;
			productRefGroup = 4791537B243FC4F50035889E /* Products */;
			projectDirPath = "";
			projectRoot = "";
			targets = (
				47915379243FC4F50035889E /* dev-profile */,
				4791538F243FC4FC0035889E /* dev-profileTests */,
				4791539A243FC4FC0035889E /* dev-profileUITests */,
			);
		};
/* End PBXProject section */

/* Begin PBXResourcesBuildPhase section */
		47915378243FC4F50035889E /* Resources */ = {
			isa = PBXResourcesBuildPhase;
			buildActionMask = 2147483647;
			files = (
				4791538A243FC4FB0035889E /* LaunchScreen.storyboard in Resources */,
				47915387243FC4FB0035889E /* Assets.xcassets in Resources */,
				47915385243FC4F50035889E /* Main.storyboard in Resources */,
			);
			runOnlyForDeploymentPostprocessing = 0;
		};
		4791538E243FC4FC0035889E /* Resources */ = {
			isa = PBXResourcesBuildPhase;
			buildActionMask = 2147483647;
			files = (
			);
			runOnlyForDeploymentPostprocessing = 0;
		};
		47915399243FC4FC0035889E /* Resources */ = {
			isa = PBXResourcesBuildPhase;
			buildActionMask = 2147483647;
			files = (
			);
			runOnlyForDeploymentPostprocessing = 0;
		};
/* End PBXResourcesBuildPhase section */

/* Begin PBXSourcesBuildPhase section */
		47915376243FC4F50035889E /* Sources */ = {
			isa = PBXSourcesBuildPhase;
			buildActionMask = 2147483647;
			files = (
				47915382243FC4F50035889E /* ViewController.swift in Sources */,
				4791537E243FC4F50035889E /* AppDelegate.swift in Sources */,
				47915380243FC4F50035889E /* SceneDelegate.swift in Sources */,
			);
			runOnlyForDeploymentPostprocessing = 0;
		};
		4791538C243FC4FC0035889E /* Sources */ = {
			isa = PBXSourcesBuildPhase;
			buildActionMask = 2147483647;
			files = (
				47915395243FC4FC0035889E /* dev_profileTests.swift in Sources */,
			);
			runOnlyForDeploymentPostprocessing = 0;
		};
		47915397243FC4FC0035889E /* Sources */ = {
			isa = PBXSourcesBuildPhase;
			buildActionMask = 2147483647;
			files = (
				479153A0243FC4FC0035889E /* dev_profileUITests.swift in Sources */,
			);
			runOnlyForDeploymentPostprocessing = 0;
		};
/* End PBXSourcesBuildPhase section */

/* Begin PBXTargetDependency section */
		47915392243FC4FC0035889E /* PBXTargetDependency */ = {
			isa = PBXTargetDependency;
			target = 47915379243FC4F50035889E /* dev-profile */;
			targetProxy = 47915391243FC4FC0035889E /* PBXContainerItemProxy */;
		};
		4791539D243FC4FC0035889E /* PBXTargetDependency */ = {
			isa = PBXTargetDependency;
			target = 47915379243FC4F50035889E /* dev-profile */;
			targetProxy = 4791539C243FC4FC0035889E /* PBXContainerItemProxy */;
		};
/* End PBXTargetDependency section */

/* Begin PBXVariantGroup section */
		47915383243FC4F50035889E /* Main.storyboard */ = {
			isa = PBXVariantGroup;
			children = (
				47915384243FC4F50035889E /* Base */,
			);
			name = Main.storyboard;
			sourceTree = "<group>";
		};
		47915388243FC4FB0035889E /* LaunchScreen.storyboard */ = {
			isa = PBXVariantGroup;
			children = (
				47915389243FC4FB0035889E /* Base */,
			);
			name = LaunchScreen.storyboard;
			sourceTree = "<group>";
		};
/* End PBXVariantGroup section */

/* Begin XCBuildConfiguration section */
		479153A2243FC4FC0035889E /* Debug */ = {
			isa = XCBuildConfiguration;
			buildSettings = {
				ALWAYS_SEARCH_USER_PATHS = NO;
				CLANG_ANALYZER_NONNULL = YES;
				CLANG_ANALYZER_NUMBER_OBJECT_CONVERSION = YES_AGGRESSIVE;
				CLANG_CXX_LANGUAGE_STANDARD = "gnu++14";
				CLANG_CXX_LIBRARY = "libc++";
				CLANG_ENABLE_MODULES = YES;
				CLANG_ENABLE_OBJC_ARC = YES;
				CLANG_ENABLE_OBJC_WEAK = YES;
				CLANG_WARN_BLOCK_CAPTURE_AUTORELEASING = YES;
				CLANG_WARN_BOOL_CONVERSION = YES;
				CLANG_WARN_COMMA = YES;
				CLANG_WARN_CONSTANT_CONVERSION = YES;
				CLANG_WARN_DEPRECATED_OBJC_IMPLEMENTATIONS = YES;
				CLANG_WARN_DIRECT_OBJC_ISA_USAGE = YES_ERROR;
				CLANG_WARN_DOCUMENTATION_COMMENTS = YES;
				CLANG_WARN_EMPTY_BODY = YES;
				CLANG_WARN_ENUM_CONVERSION = YES;
				CLANG_WARN_INFINITE_RECURSION = YES;
				CLANG_WARN_INT_CONVERSION = YES;
				CLANG_WARN_NON_LITERAL_NULL_CONVERSION = YES;
				CLANG_WARN_OBJC_IMPLICIT_RETAIN_SELF = YES;
				CLANG_WARN_OBJC_LITERAL_CONVERSION = YES;
				CLANG_WARN_OBJC_ROOT_CLASS = YES_ERROR;
				CLANG_WARN_RANGE_LOOP_ANALYSIS = YES;
				CLANG_WARN_STRICT_PROTOTYPES = YES;
				CLANG_WARN_SUSPICIOUS_MOVE = YES;
				CLANG_WARN_UNGUARDED_AVAILABILITY = YES_AGGRESSIVE;
				CLANG_WARN_UNREACHABLE_CODE = YES;
				CLANG_WARN__DUPLICATE_METHOD_MATCH = YES;
				COPY_PHASE_STRIP = NO;
				DEBUG_INFORMATION_FORMAT = dwarf;
				ENABLE_STRICT_OBJC_MSGSEND = YES;
				ENABLE_TESTABILITY = YES;
				GCC_C_LANGUAGE_STANDARD = gnu11;
				GCC_DYNAMIC_NO_PIC = NO;
				GCC_NO_COMMON_BLOCKS = YES;
				GCC_OPTIMIZATION_LEVEL = 0;
				GCC_PREPROCESSOR_DEFINITIONS = (
					"DEBUG=1",
					"$(inherited)",
				);
				GCC_WARN_64_TO_32_BIT_CONVERSION = YES;
				GCC_WARN_ABOUT_RETURN_TYPE = YES_ERROR;
				GCC_WARN_UNDECLARED_SELECTOR = YES;
				GCC_WARN_UNINITIALIZED_AUTOS = YES_AGGRESSIVE;
				GCC_WARN_UNUSED_FUNCTION = YES;
				GCC_WARN_UNUSED_VARIABLE = YES;
				IPHONEOS_DEPLOYMENT_TARGET = 13.2;
				MTL_ENABLE_DEBUG_INFO = INCLUDE_SOURCE;
				MTL_FAST_MATH = YES;
				ONLY_ACTIVE_ARCH = YES;
				SDKROOT = iphoneos;
				SWIFT_ACTIVE_COMPILATION_CONDITIONS = DEBUG;
				SWIFT_OPTIMIZATION_LEVEL = "-Onone";
			};
			name = Debug;
		};
		479153A3243FC4FC0035889E /* Release */ = {
			isa = XCBuildConfiguration;
			buildSettings = {
				ALWAYS_SEARCH_USER_PATHS = NO;
				CLANG_ANALYZER_NONNULL = YES;
				CLANG_ANALYZER_NUMBER_OBJECT_CONVERSION = YES_AGGRESSIVE;
				CLANG_CXX_LANGUAGE_STANDARD = "gnu++14";
				CLANG_CXX_LIBRARY = "libc++";
				CLANG_ENABLE_MODULES = YES;
				CLANG_ENABLE_OBJC_ARC = YES;
				CLANG_ENABLE_OBJC_WEAK = YES;
				CLANG_WARN_BLOCK_CAPTURE_AUTORELEASING = YES;
				CLANG_WARN_BOOL_CONVERSION = YES;
				CLANG_WARN_COMMA = YES;
				CLANG_WARN_CONSTANT_CONVERSION = YES;
				CLANG_WARN_DEPRECATED_OBJC_IMPLEMENTATIONS = YES;
				CLANG_WARN_DIRECT_OBJC_ISA_USAGE = YES_ERROR;
				CLANG_WARN_DOCUMENTATION_COMMENTS = YES;
				CLANG_WARN_EMPTY_BODY = YES;
				CLANG_WARN_ENUM_CONVERSION = YES;
				CLANG_WARN_INFINITE_RECURSION = YES;
				CLANG_WARN_INT_CONVERSION = YES;
				CLANG_WARN_NON_LITERAL_NULL_CONVERSION = YES;
				CLANG_WARN_OBJC_IMPLICIT_RETAIN_SELF = YES;
				CLANG_WARN_OBJC_LITERAL_CONVERSION = YES;
				CLANG_WARN_OBJC_ROOT_CLASS = YES_ERROR;
				CLANG_WARN_RANGE_LOOP_ANALYSIS = YES;
				CLANG_WARN_STRICT_PROTOTYPES = YES;
				CLANG_WARN_SUSPICIOUS_MOVE = YES;
				CLANG_WARN_UNGUARDED_AVAILABILITY = YES_AGGRESSIVE;
				CLANG_WARN_UNREACHABLE_CODE = YES;
				CLANG_WARN__DUPLICATE_METHOD_MATCH = YES;
				COPY_PHASE_STRIP = NO;
				DEBUG_INFORMATION_FORMAT = "dwarf-with-dsym";
				ENABLE_NS_ASSERTIONS = NO;
				ENABLE_STRICT_OBJC_MSGSEND = YES;
				GCC_C_LANGUAGE_STANDARD = gnu11;
				GCC_NO_COMMON_BLOCKS = YES;
				GCC_WARN_64_TO_32_BIT_CONVERSION = YES;
				GCC_WARN_ABOUT_RETURN_TYPE = YES_ERROR;
				GCC_WARN_UNDECLARED_SELECTOR = YES;
				GCC_WARN_UNINITIALIZED_AUTOS = YES_AGGRESSIVE;
				GCC_WARN_UNUSED_FUNCTION = YES;
				GCC_WARN_UNUSED_VARIABLE = YES;
				IPHONEOS_DEPLOYMENT_TARGET = 13.2;
				MTL_ENABLE_DEBUG_INFO = NO;
				MTL_FAST_MATH = YES;
				SDKROOT = iphoneos;
				SWIFT_COMPILATION_MODE = wholemodule;
				SWIFT_OPTIMIZATION_LEVEL = "-O";
				VALIDATE_PRODUCT = YES;
			};
			name = Release;
		};
		479153A5243FC4FC0035889E /* Debug */ = {
			isa = XCBuildConfiguration;
			buildSettings = {
				ASSETCATALOG_COMPILER_APPICON_NAME = AppIcon;
				CODE_SIGN_STYLE = Automatic;
				DEVELOPMENT_TEAM = 6KBT886A4V;
				INFOPLIST_FILE = "dev-profile/Info.plist";
				LD_RUNPATH_SEARCH_PATHS = (
					"$(inherited)",
					"@executable_path/Frameworks",
				);
				PRODUCT_BUNDLE_IDENTIFIER = "com.SpaceMex.dev-profile";
				PRODUCT_NAME = "$(TARGET_NAME)";
				SWIFT_VERSION = 5.0;
				TARGETED_DEVICE_FAMILY = "1,2";
			};
			name = Debug;
		};
		479153A6243FC4FC0035889E /* Release */ = {
			isa = XCBuildConfiguration;
			buildSettings = {
				ASSETCATALOG_COMPILER_APPICON_NAME = AppIcon;
				CODE_SIGN_STYLE = Automatic;
				DEVELOPMENT_TEAM = 6KBT886A4V;
				INFOPLIST_FILE = "dev-profile/Info.plist";
				LD_RUNPATH_SEARCH_PATHS = (
					"$(inherited)",
					"@executable_path/Frameworks",
				);
				PRODUCT_BUNDLE_IDENTIFIER = "com.SpaceMex.dev-profile";
				PRODUCT_NAME = "$(TARGET_NAME)";
				SWIFT_VERSION = 5.0;
				TARGETED_DEVICE_FAMILY = "1,2";
			};
			name = Release;
		};
		479153A8243FC4FC0035889E /* Debug */ = {
			isa = XCBuildConfiguration;
			buildSettings = {
				ALWAYS_EMBED_SWIFT_STANDARD_LIBRARIES = YES;
				BUNDLE_LOADER = "$(TEST_HOST)";
				CODE_SIGN_STYLE = Automatic;
				DEVELOPMENT_TEAM = 6KBT886A4V;
				INFOPLIST_FILE = "dev-profileTests/Info.plist";
				IPHONEOS_DEPLOYMENT_TARGET = 13.2;
				LD_RUNPATH_SEARCH_PATHS = (
					"$(inherited)",
					"@executable_path/Frameworks",
					"@loader_path/Frameworks",
				);
				PRODUCT_BUNDLE_IDENTIFIER = "com.SpaceMex.dev-profileTests";
				PRODUCT_NAME = "$(TARGET_NAME)";
				SWIFT_VERSION = 5.0;
				TARGETED_DEVICE_FAMILY = "1,2";
				TEST_HOST = "$(BUILT_PRODUCTS_DIR)/dev-profile.app/dev-profile";
			};
			name = Debug;
		};
		479153A9243FC4FC0035889E /* Release */ = {
			isa = XCBuildConfiguration;
			buildSettings = {
				ALWAYS_EMBED_SWIFT_STANDARD_LIBRARIES = YES;
				BUNDLE_LOADER = "$(TEST_HOST)";
				CODE_SIGN_STYLE = Automatic;
				DEVELOPMENT_TEAM = 6KBT886A4V;
				INFOPLIST_FILE = "dev-profileTests/Info.plist";
				IPHONEOS_DEPLOYMENT_TARGET = 13.2;
				LD_RUNPATH_SEARCH_PATHS = (
					"$(inherited)",
					"@executable_path/Frameworks",
					"@loader_path/Frameworks",
				);
				PRODUCT_BUNDLE_IDENTIFIER = "com.SpaceMex.dev-profileTests";
				PRODUCT_NAME = "$(TARGET_NAME)";
				SWIFT_VERSION = 5.0;
				TARGETED_DEVICE_FAMILY = "1,2";
				TEST_HOST = "$(BUILT_PRODUCTS_DIR)/dev-profile.app/dev-profile";
			};
			name = Release;
		};
		479153AB243FC4FC0035889E /* Debug */ = {
			isa = XCBuildConfiguration;
			buildSettings = {
				ALWAYS_EMBED_SWIFT_STANDARD_LIBRARIES = YES;
				CODE_SIGN_STYLE = Automatic;
				DEVELOPMENT_TEAM = 6KBT886A4V;
				INFOPLIST_FILE = "dev-profileUITests/Info.plist";
				LD_RUNPATH_SEARCH_PATHS = (
					"$(inherited)",
					"@executable_path/Frameworks",
					"@loader_path/Frameworks",
				);
				PRODUCT_BUNDLE_IDENTIFIER = "com.SpaceMex.dev-profileUITests";
				PRODUCT_NAME = "$(TARGET_NAME)";
				SWIFT_VERSION = 5.0;
				TARGETED_DEVICE_FAMILY = "1,2";
				TEST_TARGET_NAME = "dev-profile";
			};
			name = Debug;
		};
		479153AC243FC4FC0035889E /* Release */ = {
			isa = XCBuildConfiguration;
			buildSettings = {
				ALWAYS_EMBED_SWIFT_STANDARD_LIBRARIES = YES;
				CODE_SIGN_STYLE = Automatic;
				DEVELOPMENT_TEAM = 6KBT886A4V;
				INFOPLIST_FILE = "dev-profileUITests/Info.plist";
				LD_RUNPATH_SEARCH_PATHS = (
					"$(inherited)",
					"@executable_path/Frameworks",
					"@loader_path/Frameworks",
				);
				PRODUCT_BUNDLE_IDENTIFIER = "com.SpaceMex.dev-profileUITests";
				PRODUCT_NAME = "$(TARGET_NAME)";
				SWIFT_VERSION = 5.0;
				TARGETED_DEVICE_FAMILY = "1,2";
				TEST_TARGET_NAME = "dev-profile";
			};
			name = Release;
		};
/* End XCBuildConfiguration section */

/* Begin XCConfigurationList section */
		47915375243FC4F50035889E /* Build configuration list for PBXProject "dev-profile" */ = {
			isa = XCConfigurationList;
			buildConfigurations = (
				479153A2243FC4FC0035889E /* Debug */,
				479153A3243FC4FC0035889E /* Release */,
			);
			defaultConfigurationIsVisible = 0;
			defaultConfigurationName = Release;
		};
		479153A4243FC4FC0035889E /* Build configuration list for PBXNativeTarget "dev-profile" */ = {
			isa = XCConfigurationList;
			buildConfigurations = (
				479153A5243FC4FC0035889E /* Debug */,
				479153A6243FC4FC0035889E /* Release */,
			);
			defaultConfigurationIsVisible = 0;
			defaultConfigurationName = Release;
		};
		479153A7243FC4FC0035889E /* Build configuration list for PBXNativeTarget "dev-profileTests" */ = {
			isa = XCConfigurationList;
			buildConfigurations = (
				479153A8243FC4FC0035889E /* Debug */,
				479153A9243FC4FC0035889E /* Release */,
			);
			defaultConfigurationIsVisible = 0;
			defaultConfigurationName = Release;
		};
		479153AA243FC4FC0035889E /* Build configuration list for PBXNativeTarget "dev-profileUITests" */ = {
			isa = XCConfigurationList;
			buildConfigurations = (
				479153AB243FC4FC0035889E /* Debug */,
				479153AC243FC4FC0035889E /* Release */,
			);
			defaultConfigurationIsVisible = 0;
			defaultConfigurationName = Release;
		};
/* End XCConfigurationList section */
	};
	rootObject = 47915372243FC4F50035889E /* Project object */;
}
